
Microsoft Visual Studio Solution File, Format Version 12.00
# Visual Studio Version 17
VisualStudioVersion = 17.13.35931.197 d17.13
MinimumVisualStudioVersion = 10.0.40219.1
Project("{FAE04EC0-301F-11D3-BF4B-00C04F79EFBC}") = "playFileService", "playFileService.csproj", "{94B16F01-B503-4C02-863C-347869B732D8}"
EndProject
Global
	GlobalSection(SolutionConfigurationPlatforms) = preSolution
		Debug|Any CPU = Debug|Any CPU
		Release|Any CPU = Release|Any CPU
	EndGlobalSection
	GlobalSection(ProjectConfigurationPlatforms) = postSolution
		{94B16F01-B503-4C02-863C-347869B732D8}.Debug|Any CPU.ActiveCfg = Debug|Any CPU
		{94B16F01-B503-4C02-863C-347869B732D8}.Debug|Any CPU.Build.0 = Debug|Any CPU
		{94B16F01-B503-4C02-863C-347869B732D8}.Release|Any CPU.ActiveCfg = Release|Any CPU
		{94B16F01-B503-4C02-863C-347869B732D8}.Release|Any CPU.Build.0 = Release|Any CPU
	EndGlobalSection
	GlobalSection(SolutionProperties) = preSolution
		HideSolutionNode = FALSE
	EndGlobalSection
	GlobalSection(ExtensibilityGlobals) = postSolution
		SolutionGuid = {51E2C076-FB02-4C6A-AA2B-14FCEEEE9733}
	EndGlobalSection
EndGlobal
